
Microsoft Visual Studio Solution File, Format Version 12.00
# Visual Studio Version 16
VisualStudioVersion = 16.0.30804.86
MinimumVisualStudioVersion = 10.0.40219.1
Project("{FAE04EC0-301F-11D3-BF4B-00C04F79EFBC}") = "Demo", "Demo\Demo.csproj", "{335BFAFC-A132-4940-B335-3F9E997D965A}"
EndProject
Project("{FAE04EC0-301F-11D3-BF4B-00C04F79EFBC}") = "EasyConsole", "EasyConsole\EasyConsole.csproj", "{0779A413-9FC0-4AD7-A2FA-51D365FC0A9E}"
EndProject
Global
	GlobalSection(SolutionConfigurationPlatforms) = preSolution
		Debug|Any CPU = Debug|Any CPU
		Release|Any CPU = Release|Any CPU
	EndGlobalSection
	GlobalSection(ProjectConfigurationPlatforms) = postSolution
		{335BFAFC-A132-4940-B335-3F9E997D965A}.Debug|Any CPU.ActiveCfg = Debug|Any CPU
		{335BFAFC-A132-4940-B335-3F9E997D965A}.Debug|Any CPU.Build.0 = Debug|Any CPU
		{335BFAFC-A132-4940-B335-3F9E997D965A}.Release|Any CPU.ActiveCfg = Release|Any CPU
		{335BFAFC-A132-4940-B335-3F9E997D965A}.Release|Any CPU.Build.0 = Release|Any CPU
		{0779A413-9FC0-4AD7-A2FA-51D365FC0A9E}.Debug|Any CPU.ActiveCfg = Debug|Any CPU
		{0779A413-9FC0-4AD7-A2FA-51D365FC0A9E}.Debug|Any CPU.Build.0 = Debug|Any CPU
		{0779A413-9FC0-4AD7-A2FA-51D365FC0A9E}.Release|Any CPU.ActiveCfg = Release|Any CPU
		{0779A413-9FC0-4AD7-A2FA-51D365FC0A9E}.Release|Any CPU.Build.0 = Release|Any CPU
	EndGlobalSection
	GlobalSection(SolutionProperties) = preSolution
		HideSolutionNode = FALSE
	EndGlobalSection
	GlobalSection(ExtensibilityGlobals) = postSolution
		SolutionGuid = {50593BEF-A879-4B1B-A944-0739CCC10D65}
	EndGlobalSection
EndGlobal
