
Microsoft Visual Studio Solution File, Format Version 12.00
# Visual Studio 15
VisualStudioVersion = 15.0.27703.2035
MinimumVisualStudioVersion = 10.0.40219.1
Project("{FAE04EC0-301F-11D3-BF4B-00C04F79EFBC}") = "EasyConsole", "EasyConsole\EasyConsole.csproj", "{DA79BA94-FAD6-462F-89C7-774FE822D594}"
EndProject
Project("{FAE04EC0-301F-11D3-BF4B-00C04F79EFBC}") = "Demo", "Demo\Demo.csproj", "{335BFAFC-A132-4940-B335-3F9E997D965A}"
EndProject
Project("{FAE04EC0-301F-11D3-BF4B-00C04F79EFBC}") = "EasyConsole.Netstandard", "EasyConsole.Netstandard\EasyConsole.Netstandard.csproj", "{24D657E7-FEB9-4C09-8F3B-4DE3FDD86A1B}"
EndProject
Project("{FAE04EC0-301F-11D3-BF4B-00C04F79EFBC}") = "Demo.Netcore", "Demo.Netcore\Demo.Netcore.csproj", "{4DD649AF-D41C-4CA0-97D8-F89D8B8BD5BB}"
EndProject
Global
	GlobalSection(SolutionConfigurationPlatforms) = preSolution
		Debug|Any CPU = Debug|Any CPU
		Release|Any CPU = Release|Any CPU
	EndGlobalSection
	GlobalSection(ProjectConfigurationPlatforms) = postSolution
		{DA79BA94-FAD6-462F-89C7-774FE822D594}.Debug|Any CPU.ActiveCfg = Debug|Any CPU
		{DA79BA94-FAD6-462F-89C7-774FE822D594}.Debug|Any CPU.Build.0 = Debug|Any CPU
		{DA79BA94-FAD6-462F-89C7-774FE822D594}.Release|Any CPU.ActiveCfg = Release|Any CPU
		{DA79BA94-FAD6-462F-89C7-774FE822D594}.Release|Any CPU.Build.0 = Release|Any CPU
		{335BFAFC-A132-4940-B335-3F9E997D965A}.Debug|Any CPU.ActiveCfg = Debug|Any CPU
		{335BFAFC-A132-4940-B335-3F9E997D965A}.Debug|Any CPU.Build.0 = Debug|Any CPU
		{335BFAFC-A132-4940-B335-3F9E997D965A}.Release|Any CPU.ActiveCfg = Release|Any CPU
		{335BFAFC-A132-4940-B335-3F9E997D965A}.Release|Any CPU.Build.0 = Release|Any CPU
		{24D657E7-FEB9-4C09-8F3B-4DE3FDD86A1B}.Debug|Any CPU.ActiveCfg = Debug|Any CPU
		{24D657E7-FEB9-4C09-8F3B-4DE3FDD86A1B}.Debug|Any CPU.Build.0 = Debug|Any CPU
		{24D657E7-FEB9-4C09-8F3B-4DE3FDD86A1B}.Release|Any CPU.ActiveCfg = Release|Any CPU
		{24D657E7-FEB9-4C09-8F3B-4DE3FDD86A1B}.Release|Any CPU.Build.0 = Release|Any CPU
		{4DD649AF-D41C-4CA0-97D8-F89D8B8BD5BB}.Debug|Any CPU.ActiveCfg = Debug|Any CPU
		{4DD649AF-D41C-4CA0-97D8-F89D8B8BD5BB}.Debug|Any CPU.Build.0 = Debug|Any CPU
		{4DD649AF-D41C-4CA0-97D8-F89D8B8BD5BB}.Release|Any CPU.ActiveCfg = Release|Any CPU
		{4DD649AF-D41C-4CA0-97D8-F89D8B8BD5BB}.Release|Any CPU.Build.0 = Release|Any CPU
	EndGlobalSection
	GlobalSection(SolutionProperties) = preSolution
		HideSolutionNode = FALSE
	EndGlobalSection
	GlobalSection(ExtensibilityGlobals) = postSolution
		SolutionGuid = {DA753BF0-9C3A-4531-8F44-D5E96E4A4C61}
	EndGlobalSection
EndGlobal
