
Microsoft Visual Studio Solution File, Format Version 12.00
# Visual Studio 14
VisualStudioVersion = 14.0.24720.0
MinimumVisualStudioVersion = 10.0.40219.1
Project("{FAE04EC0-301F-11D3-BF4B-00C04F79EFBC}") = "EasyConsole", "EasyConsole\EasyConsole.csproj", "{6784431C-87BA-410A-9B53-D12B9EFFB1BF}"
EndProject
Project("{FAE04EC0-301F-11D3-BF4B-00C04F79EFBC}") = "Demo", "Demo\Demo.csproj", "{BE45DDAA-A10A-4A32-8DCB-8866D684F761}"
EndProject
Global
	GlobalSection(SolutionConfigurationPlatforms) = preSolution
		Debug|Any CPU = Debug|Any CPU
		Release|Any CPU = Release|Any CPU
	EndGlobalSection
	GlobalSection(ProjectConfigurationPlatforms) = postSolution
		{6784431C-87BA-410A-9B53-D12B9EFFB1BF}.Debug|Any CPU.ActiveCfg = Debug|Any CPU
		{6784431C-87BA-410A-9B53-D12B9EFFB1BF}.Debug|Any CPU.Build.0 = Debug|Any CPU
		{6784431C-87BA-410A-9B53-D12B9EFFB1BF}.Release|Any CPU.ActiveCfg = Release|Any CPU
		{6784431C-87BA-410A-9B53-D12B9EFFB1BF}.Release|Any CPU.Build.0 = Release|Any CPU
		{BE45DDAA-A10A-4A32-8DCB-8866D684F761}.Debug|Any CPU.ActiveCfg = Debug|Any CPU
		{BE45DDAA-A10A-4A32-8DCB-8866D684F761}.Debug|Any CPU.Build.0 = Debug|Any CPU
		{BE45DDAA-A10A-4A32-8DCB-8866D684F761}.Release|Any CPU.ActiveCfg = Release|Any CPU
		{BE45DDAA-A10A-4A32-8DCB-8866D684F761}.Release|Any CPU.Build.0 = Release|Any CPU
	EndGlobalSection
	GlobalSection(SolutionProperties) = preSolution
		HideSolutionNode = FALSE
	EndGlobalSection
EndGlobal
